
Microsoft Visual Studio Solution File, Format Version 12.00
# Visual Studio Version 17
VisualStudioVersion = 17.5.33414.496
MinimumVisualStudioVersion = 10.0.40219.1
Project("{9A19103F-16F7-4668-BE54-9A1E7A4F7556}") = "RunGroopWebApp", "RunGroopWebApp\RunGroopWebApp.csproj", "{1EB463E2-356B-4A3C-BE31-35C1B423D47C}"
EndProject
Global
	GlobalSection(SolutionConfigurationPlatforms) = preSolution
		Debug|Any CPU = Debug|Any CPU
		Release|Any CPU = Release|Any CPU
	EndGlobalSection
	GlobalSection(ProjectConfigurationPlatforms) = postSolution
		{1EB463E2-356B-4A3C-BE31-35C1B423D47C}.Debug|Any CPU.ActiveCfg = Debug|Any CPU
		{1EB463E2-356B-4A3C-BE31-35C1B423D47C}.Debug|Any CPU.Build.0 = Debug|Any CPU
		{1EB463E2-356B-4A3C-BE31-35C1B423D47C}.Release|Any CPU.ActiveCfg = Release|Any CPU
		{1EB463E2-356B-4A3C-BE31-35C1B423D47C}.Release|Any CPU.Build.0 = Release|Any CPU
	EndGlobalSection
	GlobalSection(SolutionProperties) = preSolution
		HideSolutionNode = FALSE
	EndGlobalSection
	GlobalSection(ExtensibilityGlobals) = postSolution
		SolutionGuid = {80D69751-4FAB-476C-A33A-03264A252F7B}
	EndGlobalSection
EndGlobal
